
Microsoft Visual Studio Solution File, Format Version 12.00
# Visual Studio Version 17
VisualStudioVersion = 17.14.36127.28 d17.14
MinimumVisualStudioVersion = 10.0.40219.1
Project("{2150E333-8FDC-42A3-9474-1A3956D46DE8}") = "Solution Items", "Solution Items", "{30866438-6081-4A2D-A47C-FCD04FAAAD62}"
	ProjectSection(SolutionItems) = preProject
		index.html = index.html
		README.md = README.md
	EndProjectSection
EndProject
Project("{2150E333-8FDC-42A3-9474-1A3956D46DE8}") = "css", "css", "{630DCF77-46BE-4B61-91D1-90AE9E81BE71}"
	ProjectSection(SolutionItems) = preProject
		css\styles.css = css\styles.css
	EndProjectSection
EndProject
Project("{2150E333-8FDC-42A3-9474-1A3956D46DE8}") = "js", "js", "{FD47A041-B381-44BF-8DD1-0C5CA9C37FD1}"
	ProjectSection(SolutionItems) = preProject
		js\game.js = js\game.js
		js\misc.js = js\misc.js
		js\peer.js = js\peer.js
		js\scripts.js = js\scripts.js
		js\ui.js = js\ui.js
		js\webrtc.js = js\webrtc.js
	EndProjectSection
EndProject
Project("{2150E333-8FDC-42A3-9474-1A3956D46DE8}") = "assets", "assets", "{023245E3-6865-48D0-A5A2-9F5195853350}"
	ProjectSection(SolutionItems) = preProject
		assets\ActiveSudoku.png = assets\ActiveSudoku.png
		assets\Background.png = assets\Background.png
		assets\StageConnection.png = assets\StageConnection.png
		assets\SudokuIcon.png = assets\SudokuIcon.png
	EndProjectSection
EndProject
Global
	GlobalSection(SolutionProperties) = preSolution
		HideSolutionNode = FALSE
	EndGlobalSection
	GlobalSection(NestedProjects) = preSolution
		{630DCF77-46BE-4B61-91D1-90AE9E81BE71} = {30866438-6081-4A2D-A47C-FCD04FAAAD62}
		{FD47A041-B381-44BF-8DD1-0C5CA9C37FD1} = {30866438-6081-4A2D-A47C-FCD04FAAAD62}
		{023245E3-6865-48D0-A5A2-9F5195853350} = {30866438-6081-4A2D-A47C-FCD04FAAAD62}
	EndGlobalSection
	GlobalSection(ExtensibilityGlobals) = postSolution
		SolutionGuid = {618A1310-2BCA-484E-952D-D360BD87B47E}
	EndGlobalSection
EndGlobal
